
Microsoft Visual Studio Solution File, Format Version 12.00
# Visual Studio for Mac
Project("{FAE04EC0-301F-11D3-BF4B-00C04F79EFBC}") = "MachineChess", "Assembly-CSharp.csproj", "{27E1D634-B1F6-7B7C-E75F-7D4F22BA716C}"
EndProject
Project("{FAE04EC0-301F-11D3-BF4B-00C04F79EFBC}") = "MachineChess", "Assembly-CSharp-Editor.csproj", "{8C4609E4-D477-B3E5-4F6C-264135BBC003}"
EndProject
Global
	GlobalSection(SolutionConfigurationPlatforms) = preSolution
		Debug|Any CPU = Debug|Any CPU
		Release|Any CPU = Release|Any CPU
	EndGlobalSection
	GlobalSection(ProjectConfigurationPlatforms) = postSolution
		{27E1D634-B1F6-7B7C-E75F-7D4F22BA716C}.Debug|Any CPU.ActiveCfg = Debug|Any CPU
		{27E1D634-B1F6-7B7C-E75F-7D4F22BA716C}.Debug|Any CPU.Build.0 = Debug|Any CPU
		{27E1D634-B1F6-7B7C-E75F-7D4F22BA716C}.Release|Any CPU.ActiveCfg = Release|Any CPU
		{27E1D634-B1F6-7B7C-E75F-7D4F22BA716C}.Release|Any CPU.Build.0 = Release|Any CPU
		{8C4609E4-D477-B3E5-4F6C-264135BBC003}.Debug|Any CPU.ActiveCfg = Debug|Any CPU
		{8C4609E4-D477-B3E5-4F6C-264135BBC003}.Debug|Any CPU.Build.0 = Debug|Any CPU
		{8C4609E4-D477-B3E5-4F6C-264135BBC003}.Release|Any CPU.ActiveCfg = Release|Any CPU
		{8C4609E4-D477-B3E5-4F6C-264135BBC003}.Release|Any CPU.Build.0 = Release|Any CPU
	EndGlobalSection
	GlobalSection(SolutionProperties) = preSolution
		HideSolutionNode = FALSE
	EndGlobalSection
EndGlobal
